github.com/libdns/libdns v1.1.1 h1:wPrHrXILoSHKWJKGd0EiAVmiJbFShguILTg9leS/P/U=
github.com/libdns/libdns v1.1.1/go.mod h1:4Bj9+5CQiNMVGf87wjX4CY3HQJypUHRuLvlsfsZqLWQ=
github.com/pbergman/provider v0.0.0-20251018193555-bb39832701fc h1:snYdfmJTOP70R08o71F+ty+3ZzHlSCZQOKvl1KeMQ4I=
github.com/pbergman/provider v0.0.0-20251018193555-bb39832701fc/go.mod h1:g1TbkwPsOBLcdsVRBNrm+nUq5LsA9rn77rjUAVEMXw0=
