github.com/libdns/libdns v1.1.1 h1:wPrHrXILoSHKWJKGd0EiAVmiJbFShguILTg9leS/P/U=
github.com/libdns/libdns v1.1.1/go.mod h1:4Bj9+5CQiNMVGf87wjX4CY3HQJypUHRuLvlsfsZqLWQ=
github.com/pbergman/provider v1.1.1 h1:6M/Dw+lcUvIpszGK2VKOcpKD08D7ptb1iDCLrNo1QY0=
github.com/pbergman/provider v1.1.1/go.mod h1:g1TbkwPsOBLcdsVRBNrm+nUq5LsA9rn77rjUAVEMXw0=
